
Microsoft Visual Studio Solution File, Format Version 12.00
# Visual Studio Version 17
VisualStudioVersion = 17.5.33530.505
MinimumVisualStudioVersion = 10.0.40219.1
Project("{FAE04EC0-301F-11D3-BF4B-00C04F79EFBC}") = "ScrambleLandscapeDecode", "ScrambleLandscapeDecode\ScrambleLandscapeDecode.csproj", "{4559C89C-973A-4CA9-8FCB-7F55203AE26C}"
EndProject
Global
	GlobalSection(SolutionConfigurationPlatforms) = preSolution
		Debug|Any CPU = Debug|Any CPU
		Release|Any CPU = Release|Any CPU
	EndGlobalSection
	GlobalSection(ProjectConfigurationPlatforms) = postSolution
		{4559C89C-973A-4CA9-8FCB-7F55203AE26C}.Debug|Any CPU.ActiveCfg = Debug|Any CPU
		{4559C89C-973A-4CA9-8FCB-7F55203AE26C}.Debug|Any CPU.Build.0 = Debug|Any CPU
		{4559C89C-973A-4CA9-8FCB-7F55203AE26C}.Release|Any CPU.ActiveCfg = Release|Any CPU
		{4559C89C-973A-4CA9-8FCB-7F55203AE26C}.Release|Any CPU.Build.0 = Release|Any CPU
	EndGlobalSection
	GlobalSection(SolutionProperties) = preSolution
		HideSolutionNode = FALSE
	EndGlobalSection
	GlobalSection(ExtensibilityGlobals) = postSolution
		SolutionGuid = {0B2A7524-9915-4C4E-9D0A-3470511D188B}
	EndGlobalSection
EndGlobal
